
Microsoft Visual Studio Solution File, Format Version 12.00
# Visual Studio Version 17
VisualStudioVersion = 17.4.33110.190
MinimumVisualStudioVersion = 10.0.40219.1
Project("{FAE04EC0-301F-11D3-BF4B-00C04F79EFBC}") = "1", "1\1.csproj", "{3CB666D2-47F0-4D39-83BE-1E57EC49835A}"
EndProject
Global
	GlobalSection(SolutionConfigurationPlatforms) = preSolution
		Debug|Any CPU = Debug|Any CPU
		Release|Any CPU = Release|Any CPU
	EndGlobalSection
	GlobalSection(ProjectConfigurationPlatforms) = postSolution
		{3CB666D2-47F0-4D39-83BE-1E57EC49835A}.Debug|Any CPU.ActiveCfg = Debug|Any CPU
		{3CB666D2-47F0-4D39-83BE-1E57EC49835A}.Debug|Any CPU.Build.0 = Debug|Any CPU
		{3CB666D2-47F0-4D39-83BE-1E57EC49835A}.Release|Any CPU.ActiveCfg = Release|Any CPU
		{3CB666D2-47F0-4D39-83BE-1E57EC49835A}.Release|Any CPU.Build.0 = Release|Any CPU
	EndGlobalSection
	GlobalSection(SolutionProperties) = preSolution
		HideSolutionNode = FALSE
	EndGlobalSection
	GlobalSection(ExtensibilityGlobals) = postSolution
		SolutionGuid = {1F80CADD-B7FC-49FA-A1CE-584CCCC2DC6D}
	EndGlobalSection
EndGlobal
