
Microsoft Visual Studio Solution File, Format Version 12.00
# Visual Studio Version 17
VisualStudioVersion = 17.4.33110.190
MinimumVisualStudioVersion = 10.0.40219.1
Project("{FAE04EC0-301F-11D3-BF4B-00C04F79EFBC}") = "3", "3\3.csproj", "{5E44948F-2DB4-4448-B847-6FF19FB53ED6}"
EndProject
Global
	GlobalSection(SolutionConfigurationPlatforms) = preSolution
		Debug|Any CPU = Debug|Any CPU
		Release|Any CPU = Release|Any CPU
	EndGlobalSection
	GlobalSection(ProjectConfigurationPlatforms) = postSolution
		{5E44948F-2DB4-4448-B847-6FF19FB53ED6}.Debug|Any CPU.ActiveCfg = Debug|Any CPU
		{5E44948F-2DB4-4448-B847-6FF19FB53ED6}.Debug|Any CPU.Build.0 = Debug|Any CPU
		{5E44948F-2DB4-4448-B847-6FF19FB53ED6}.Release|Any CPU.ActiveCfg = Release|Any CPU
		{5E44948F-2DB4-4448-B847-6FF19FB53ED6}.Release|Any CPU.Build.0 = Release|Any CPU
	EndGlobalSection
	GlobalSection(SolutionProperties) = preSolution
		HideSolutionNode = FALSE
	EndGlobalSection
	GlobalSection(ExtensibilityGlobals) = postSolution
		SolutionGuid = {280E36F4-EDA0-4672-9F1D-9856AACFE9BC}
	EndGlobalSection
EndGlobal
