
Microsoft Visual Studio Solution File, Format Version 12.00
# Visual Studio Version 17
VisualStudioVersion = 17.4.33110.190
MinimumVisualStudioVersion = 10.0.40219.1
Project("{FAE04EC0-301F-11D3-BF4B-00C04F79EFBC}") = "4", "4\4.csproj", "{68C26D3E-7CD1-4AEB-A302-574BD9AFAA3B}"
EndProject
Global
	GlobalSection(SolutionConfigurationPlatforms) = preSolution
		Debug|Any CPU = Debug|Any CPU
		Release|Any CPU = Release|Any CPU
	EndGlobalSection
	GlobalSection(ProjectConfigurationPlatforms) = postSolution
		{68C26D3E-7CD1-4AEB-A302-574BD9AFAA3B}.Debug|Any CPU.ActiveCfg = Debug|Any CPU
		{68C26D3E-7CD1-4AEB-A302-574BD9AFAA3B}.Debug|Any CPU.Build.0 = Debug|Any CPU
		{68C26D3E-7CD1-4AEB-A302-574BD9AFAA3B}.Release|Any CPU.ActiveCfg = Release|Any CPU
		{68C26D3E-7CD1-4AEB-A302-574BD9AFAA3B}.Release|Any CPU.Build.0 = Release|Any CPU
	EndGlobalSection
	GlobalSection(SolutionProperties) = preSolution
		HideSolutionNode = FALSE
	EndGlobalSection
	GlobalSection(ExtensibilityGlobals) = postSolution
		SolutionGuid = {740F60A1-B880-46F0-A21F-9309538D3A1D}
	EndGlobalSection
EndGlobal
