
Microsoft Visual Studio Solution File, Format Version 12.00
# Visual Studio Version 17
VisualStudioVersion = 17.4.33110.190
MinimumVisualStudioVersion = 10.0.40219.1
Project("{FAE04EC0-301F-11D3-BF4B-00C04F79EFBC}") = "2", "2\2.csproj", "{362349D4-AA0D-451B-91C2-172EFC318063}"
EndProject
Global
	GlobalSection(SolutionConfigurationPlatforms) = preSolution
		Debug|Any CPU = Debug|Any CPU
		Release|Any CPU = Release|Any CPU
	EndGlobalSection
	GlobalSection(ProjectConfigurationPlatforms) = postSolution
		{362349D4-AA0D-451B-91C2-172EFC318063}.Debug|Any CPU.ActiveCfg = Debug|Any CPU
		{362349D4-AA0D-451B-91C2-172EFC318063}.Debug|Any CPU.Build.0 = Debug|Any CPU
		{362349D4-AA0D-451B-91C2-172EFC318063}.Release|Any CPU.ActiveCfg = Release|Any CPU
		{362349D4-AA0D-451B-91C2-172EFC318063}.Release|Any CPU.Build.0 = Release|Any CPU
	EndGlobalSection
	GlobalSection(SolutionProperties) = preSolution
		HideSolutionNode = FALSE
	EndGlobalSection
	GlobalSection(ExtensibilityGlobals) = postSolution
		SolutionGuid = {D66BC9BB-F564-4980-9A90-997FC6675B92}
	EndGlobalSection
EndGlobal
